{
  "requires": true,
  "lockfileVersion": 1,
  "dependencies": {
    "call-once": {
      "version": "1.0.3",
      "resolved": "https://registry.npm.taobao.org/call-once/download/call-once-1.0.3.tgz",
      "integrity": "sha1-8VChSzQQMvtHchCQrbvsaiWIxOA="
    },
    "xsel": {
      "version": "1.0.0",
      "resolved": "https://registry.npm.taobao.org/xsel/download/xsel-1.0.0.tgz",
      "integrity": "sha1-2O8m/QOKW2FvJOfynp0y/T9+O/w=",
      "requires": {
        "call-once": "^1.0.3"
      }
    }
  }
}
